
Microsoft Visual Studio Solution File, Format Version 12.00
# Visual Studio 14
VisualStudioVersion = 14.0.25420.1
MinimumVisualStudioVersion = 10.0.40219.1
Project("{FAE04EC0-301F-11D3-BF4B-00C04F79EFBC}") = "DataBase_CodeFirst", "DataBase_CodeFirst\DataBase_CodeFirst.csproj", "{2C341525-A1AF-4BFA-91E3-B1764124FB4B}"
EndProject
Project("{FAE04EC0-301F-11D3-BF4B-00C04F79EFBC}") = "DataLayer_2", "DataLayer_2\DataLayer_2.csproj", "{0C88C7F0-F046-448F-8B20-7E6DA39F9039}"
EndProject
Global
	GlobalSection(SolutionConfigurationPlatforms) = preSolution
		Debug|Any CPU = Debug|Any CPU
		Release|Any CPU = Release|Any CPU
	EndGlobalSection
	GlobalSection(ProjectConfigurationPlatforms) = postSolution
		{2C341525-A1AF-4BFA-91E3-B1764124FB4B}.Debug|Any CPU.ActiveCfg = Debug|Any CPU
		{2C341525-A1AF-4BFA-91E3-B1764124FB4B}.Debug|Any CPU.Build.0 = Debug|Any CPU
		{2C341525-A1AF-4BFA-91E3-B1764124FB4B}.Release|Any CPU.ActiveCfg = Release|Any CPU
		{2C341525-A1AF-4BFA-91E3-B1764124FB4B}.Release|Any CPU.Build.0 = Release|Any CPU
		{0C88C7F0-F046-448F-8B20-7E6DA39F9039}.Debug|Any CPU.ActiveCfg = Debug|Any CPU
		{0C88C7F0-F046-448F-8B20-7E6DA39F9039}.Debug|Any CPU.Build.0 = Debug|Any CPU
		{0C88C7F0-F046-448F-8B20-7E6DA39F9039}.Release|Any CPU.ActiveCfg = Release|Any CPU
		{0C88C7F0-F046-448F-8B20-7E6DA39F9039}.Release|Any CPU.Build.0 = Release|Any CPU
	EndGlobalSection
	GlobalSection(SolutionProperties) = preSolution
		HideSolutionNode = FALSE
	EndGlobalSection
EndGlobal
